// !$*UTF8*$!
{
	archiveVersion = 1;
	classes = {
	};
	objectVersion = 48;
	objects = {

/* Begin PBXBuildFile section */
		28C8D79020B0ED14005B7BB4 /* AppDelegate.swift in Sources */ = {isa = PBXBuildFile; fileRef = 28C8D78F20B0ED14005B7BB4 /* AppDelegate.swift */; };
		28C8D79220B0ED14005B7BB4 /* ViewController.swift in Sources */ = {isa = PBXBuildFile; fileRef = 28C8D79120B0ED14005B7BB4 /* ViewController.swift */; };
		28C8D79520B0ED14005B7BB4 /* Main.storyboard in Resources */ = {isa = PBXBuildFile; fileRef = 28C8D79320B0ED14005B7BB4 /* Main.storyboard */; };
		28C8D79720B0ED14005B7BB4 /* Assets.xcassets in Resources */ = {isa = PBXBuildFile; fileRef = 28C8D79620B0ED14005B7BB4 /* Assets.xcassets */; };
		28C8D79A20B0ED14005B7BB4 /* LaunchScreen.storyboard in Resources */ = {isa = PBXBuildFile; fileRef = 28C8D79820B0ED14005B7BB4 /* LaunchScreen.storyboard */; };
/* End PBXBuildFile section */

/* Begin PBXFileReference section */
		28C8D78C20B0ED14005B7BB4 /* ButtonFun.app */ = {isa = PBXFileReference; explicitFileType = wrapper.application; includeInIndex = 0; path = ButtonFun.app; sourceTree = BUILT_PRODUCTS_DIR; };
		28C8D78F20B0ED14005B7BB4 /* AppDelegate.swift */ = {isa = PBXFileReference; lastKnownFileType = sourcecode.swift; path = AppDelegate.swift; sourceTree = "<group>"; };
		28C8D79120B0ED14005B7BB4 /* ViewController.swift */ = {isa = PBXFileReference; lastKnownFileType = sourcecode.swift; path = ViewController.swift; sourceTree = "<group>"; };
		28C8D79420B0ED14005B7BB4 /* Base */ = {isa = PBXFileReference; lastKnownFileType = file.storyboard; name = Base; path = Base.lproj/Main.storyboard; sourceTree = "<group>"; };
		28C8D79620B0ED14005B7BB4 /* Assets.xcassets */ = {isa = PBXFileReference; lastKnownFileType = folder.assetcatalog; path = Assets.xcassets; sourceTree = "<group>"; };
		28C8D79920B0ED14005B7BB4 /* Base */ = {isa = PBXFileReference; lastKnownFileType = file.storyboard; name = Base; path = Base.lproj/LaunchScreen.storyboard; sourceTree = "<group>"; };
		28C8D79B20B0ED14005B7BB4 /* Info.plist */ = {isa = PBXFileReference; lastKnownFileType = text.plist.xml; path = Info.plist; sourceTree = "<group>"; };
/* End PBXFileReference section */

/* Begin PBXFrameworksBuildPhase section */
		28C8D78920B0ED14005B7BB4 /* Frameworks */ = {
			isa = PBXFrameworksBuildPhase;
			buildActionMask = 2147483647;
			files = (
			);
			runOnlyForDeploymentPostprocessing = 0;
		};
/* End PBXFrameworksBuildPhase section */

/* Begin PBXGroup section */
		28C8D78320B0ED14005B7BB4 = {
			isa = PBXGroup;
			children = (
				28C8D78E20B0ED14005B7BB4 /* ButtonFun */,
				28C8D78D20B0ED14005B7BB4 /* Products */,
			);
			sourceTree = "<group>";
		};
		28C8D78D20B0ED14005B7BB4 /* Products */ = {
			isa = PBXGroup;
			children = (
				28C8D78C20B0ED14005B7BB4 /* ButtonFun.app */,
			);
			name = Products;
			sourceTree = "<group>";
		};
		28C8D78E20B0ED14005B7BB4 /* ButtonFun */ = {
			isa = PBXGroup;
			children = (
				28C8D78F20B0ED14005B7BB4 /* AppDelegate.swift */,
				28C8D79120B0ED14005B7BB4 /* ViewController.swift */,
				28C8D79320B0ED14005B7BB4 /* Main.storyboard */,
				28C8D79620B0ED14005B7BB4 /* Assets.xcassets */,
				28C8D79820B0ED14005B7BB4 /* LaunchScreen.storyboard */,
				28C8D79B20B0ED14005B7BB4 /* Info.plist */,
			);
			path = ButtonFun;
			sourceTree = "<group>";
		};
/* End PBXGroup section */

/* Begin PBXNativeTarget section */
		28C8D78B20B0ED14005B7BB4 /* ButtonFun */ = {
			isa = PBXNativeTarget;
			buildConfigurationList = 28C8D79E20B0ED14005B7BB4 /* Build configuration list for PBXNativeTarget "ButtonFun" */;
			buildPhases = (
				28C8D78820B0ED14005B7BB4 /* Sources */,
				28C8D78920B0ED14005B7BB4 /* Frameworks */,
				28C8D78A20B0ED14005B7BB4 /* Resources */,
			);
			buildRules = (
			);
			dependencies = (
			);
			name = ButtonFun;
			productName = ButtonFun;
			productReference = 28C8D78C20B0ED14005B7BB4 /* ButtonFun.app */;
			productType = "com.apple.product-type.application";
		};
/* End PBXNativeTarget section */

/* Begin PBXProject section */
		28C8D78420B0ED14005B7BB4 /* Project object */ = {
			isa = PBXProject;
			attributes = {
				LastSwiftUpdateCheck = 0920;
				LastUpgradeCheck = 0920;
				ORGANIZATIONNAME = "Sean Johnson";
				TargetAttributes = {
					28C8D78B20B0ED14005B7BB4 = {
						CreatedOnToolsVersion = 9.2;
						ProvisioningStyle = Automatic;
					};
				};
			};
			buildConfigurationList = 28C8D78720B0ED14005B7BB4 /* Build configuration list for PBXProject "ButtonFun" */;
			compatibilityVersion = "Xcode 8.0";
			developmentRegion = en;
			hasScannedForEncodings = 0;
			knownRegions = (
				en,
				Base,
			);
			mainGroup = 28C8D78320B0ED14005B7BB4;
			productRefGroup = 28C8D78D20B0ED14005B7BB4 /* Products */;
			projectDirPath = "";
			projectRoot = "";
			targets = (
				28C8D78B20B0ED14005B7BB4 /* ButtonFun */,
			);
		};
/* End PBXProject section */

/* Begin PBXResourcesBuildPhase section */
		28C8D78A20B0ED14005B7BB4 /* Resources */ = {
			isa = PBXResourcesBuildPhase;
			buildActionMask = 2147483647;
			files = (
				28C8D79A20B0ED14005B7BB4 /* LaunchScreen.storyboard in Resources */,
				28C8D79720B0ED14005B7BB4 /* Assets.xcassets in Resources */,
				28C8D79520B0ED14005B7BB4 /* Main.storyboard in Resources */,
			);
			runOnlyForDeploymentPostprocessing = 0;
		};
/* End PBXResourcesBuildPhase section */

/* Begin PBXSourcesBuildPhase section */
		28C8D78820B0ED14005B7BB4 /* Sources */ = {
			isa = PBXSourcesBuildPhase;
			buildActionMask = 2147483647;
			files = (
				28C8D79220B0ED14005B7BB4 /* ViewController.swift in Sources */,
				28C8D79020B0ED14005B7BB4 /* AppDelegate.swift in Sources */,
			);
			runOnlyForDeploymentPostprocessing = 0;
		};
/* End PBXSourcesBuildPhase section */

/* Begin PBXVariantGroup section */
		28C8D79320B0ED14005B7BB4 /* Main.storyboard */ = {
			isa = PBXVariantGroup;
			children = (
				28C8D79420B0ED14005B7BB4 /* Base */,
			);
			name = Main.storyboard;
			sourceTree = "<group>";
		};
		28C8D79820B0ED14005B7BB4 /* LaunchScreen.storyboard */ = {
			isa = PBXVariantGroup;
			children = (
				28C8D79920B0ED14005B7BB4 /* Base */,
			);
			name = LaunchScreen.storyboard;
			sourceTree = "<group>";
		};
/* End PBXVariantGroup section */

/* Begin XCBuildConfiguration section */
		28C8D79C20B0ED14005B7BB4 /* Debug */ = {
			isa = XCBuildConfiguration;
			buildSettings = {
				ALWAYS_SEARCH_USER_PATHS = NO;
				CLANG_ANALYZER_NONNULL = YES;
				CLANG_ANALYZER_NUMBER_OBJECT_CONVERSION = YES_AGGRESSIVE;
				CLANG_CXX_LANGUAGE_STANDARD = "gnu++14";
				CLANG_CXX_LIBRARY = "libc++";
				CLANG_ENABLE_MODULES = YES;
				CLANG_ENABLE_OBJC_ARC = YES;
				CLANG_WARN_BLOCK_CAPTURE_AUTORELEASING = YES;
				CLANG_WARN_BOOL_CONVERSION = YES;
				CLANG_WARN_COMMA = YES;
				CLANG_WARN_CONSTANT_CONVERSION = YES;
				CLANG_WARN_DIRECT_OBJC_ISA_USAGE = YES_ERROR;
				CLANG_WARN_DOCUMENTATION_COMMENTS = YES;
				CLANG_WARN_EMPTY_BODY = YES;
				CLANG_WARN_ENUM_CONVERSION = YES;
				CLANG_WARN_INFINITE_RECURSION = YES;
				CLANG_WARN_INT_CONVERSION = YES;
				CLANG_WARN_NON_LITERAL_NULL_CONVERSION = YES;
				CLANG_WARN_OBJC_LITERAL_CONVERSION = YES;
				CLANG_WARN_OBJC_ROOT_CLASS = YES_ERROR;
				CLANG_WARN_RANGE_LOOP_ANALYSIS = YES;
				CLANG_WARN_STRICT_PROTOTYPES = YES;
				CLANG_WARN_SUSPICIOUS_MOVE = YES;
				CLANG_WARN_UNGUARDED_AVAILABILITY = YES_AGGRESSIVE;
				CLANG_WARN_UNREACHABLE_CODE = YES;
				CLANG_WARN__DUPLICATE_METHOD_MATCH = YES;
				CODE_SIGN_IDENTITY = "iPhone Developer";
				COPY_PHASE_STRIP = NO;
				DEBUG_INFORMATION_FORMAT = dwarf;
				ENABLE_STRICT_OBJC_MSGSEND = YES;
				ENABLE_TESTABILITY = YES;
				GCC_C_LANGUAGE_STANDARD = gnu11;
				GCC_DYNAMIC_NO_PIC = NO;
				GCC_NO_COMMON_BLOCKS = YES;
				GCC_OPTIMIZATION_LEVEL = 0;
				GCC_PREPROCESSOR_DEFINITIONS = (
					"DEBUG=1",
					"$(inherited)",
				);
				GCC_WARN_64_TO_32_BIT_CONVERSION = YES;
				GCC_WARN_ABOUT_RETURN_TYPE = YES_ERROR;
				GCC_WARN_UNDECLARED_SELECTOR = YES;
				GCC_WARN_UNINITIALIZED_AUTOS = YES_AGGRESSIVE;
				GCC_WARN_UNUSED_FUNCTION = YES;
				GCC_WARN_UNUSED_VARIABLE = YES;
				IPHONEOS_DEPLOYMENT_TARGET = 11.2;
				MTL_ENABLE_DEBUG_INFO = YES;
				ONLY_ACTIVE_ARCH = YES;
				SDKROOT = iphoneos;
				SWIFT_ACTIVE_COMPILATION_CONDITIONS = DEBUG;
				SWIFT_OPTIMIZATION_LEVEL = "-Onone";
			};
			name = Debug;
		};
		28C8D79D20B0ED14005B7BB4 /* Release */ = {
			isa = XCBuildConfiguration;
			buildSettings = {
				ALWAYS_SEARCH_USER_PATHS = NO;
				CLANG_ANALYZER_NONNULL = YES;
				CLANG_ANALYZER_NUMBER_OBJECT_CONVERSION = YES_AGGRESSIVE;
				CLANG_CXX_LANGUAGE_STANDARD = "gnu++14";
				CLANG_CXX_LIBRARY = "libc++";
				CLANG_ENABLE_MODULES = YES;
				CLANG_ENABLE_OBJC_ARC = YES;
				CLANG_WARN_BLOCK_CAPTURE_AUTORELEASING = YES;
				CLANG_WARN_BOOL_CONVERSION = YES;
				CLANG_WARN_COMMA = YES;
				CLANG_WARN_CONSTANT_CONVERSION = YES;
				CLANG_WARN_DIRECT_OBJC_ISA_USAGE = YES_ERROR;
				CLANG_WARN_DOCUMENTATION_COMMENTS = YES;
				CLANG_WARN_EMPTY_BODY = YES;
				CLANG_WARN_ENUM_CONVERSION = YES;
				CLANG_WARN_INFINITE_RECURSION = YES;
				CLANG_WARN_INT_CONVERSION = YES;
				CLANG_WARN_NON_LITERAL_NULL_CONVERSION = YES;
				CLANG_WARN_OBJC_LITERAL_CONVERSION = YES;
				CLANG_WARN_OBJC_ROOT_CLASS = YES_ERROR;
				CLANG_WARN_RANGE_LOOP_ANALYSIS = YES;
				CLANG_WARN_STRICT_PROTOTYPES = YES;
				CLANG_WARN_SUSPICIOUS_MOVE = YES;
				CLANG_WARN_UNGUARDED_AVAILABILITY = YES_AGGRESSIVE;
				CLANG_WARN_UNREACHABLE_CODE = YES;
				CLANG_WARN__DUPLICATE_METHOD_MATCH = YES;
				CODE_SIGN_IDENTITY = "iPhone Developer";
				COPY_PHASE_STRIP = NO;
				DEBUG_INFORMATION_FORMAT = "dwarf-with-dsym";
				ENABLE_NS_ASSERTIONS = NO;
				ENABLE_STRICT_OBJC_MSGSEND = YES;
				GCC_C_LANGUAGE_STANDARD = gnu11;
				GCC_NO_COMMON_BLOCKS = YES;
				GCC_WARN_64_TO_32_BIT_CONVERSION = YES;
				GCC_WARN_ABOUT_RETURN_TYPE = YES_ERROR;
				GCC_WARN_UNDECLARED_SELECTOR = YES;
				GCC_WARN_UNINITIALIZED_AUTOS = YES_AGGRESSIVE;
				GCC_WARN_UNUSED_FUNCTION = YES;
				GCC_WARN_UNUSED_VARIABLE = YES;
				IPHONEOS_DEPLOYMENT_TARGET = 11.2;
				MTL_ENABLE_DEBUG_INFO = NO;
				SDKROOT = iphoneos;
				SWIFT_OPTIMIZATION_LEVEL = "-Owholemodule";
				VALIDATE_PRODUCT = YES;
			};
			name = Release;
		};
		28C8D79F20B0ED14005B7BB4 /* Debug */ = {
			isa = XCBuildConfiguration;
			buildSettings = {
				ASSETCATALOG_COMPILER_APPICON_NAME = AppIcon;
				CODE_SIGN_STYLE = Automatic;
				INFOPLIST_FILE = ButtonFun/Info.plist;
				LD_RUNPATH_SEARCH_PATHS = "$(inherited) @executable_path/Frameworks";
				PRODUCT_BUNDLE_IDENTIFIER = ca.nait.dmit.ButtonFun;
				PRODUCT_NAME = "$(TARGET_NAME)";
				SWIFT_VERSION = 4.0;
				TARGETED_DEVICE_FAMILY = "1,2";
			};
			name = Debug;
		};
		28C8D7A020B0ED14005B7BB4 /* Release */ = {
			isa = XCBuildConfiguration;
			buildSettings = {
				ASSETCATALOG_COMPILER_APPICON_NAME = AppIcon;
				CODE_SIGN_STYLE = Automatic;
				INFOPLIST_FILE = ButtonFun/Info.plist;
				LD_RUNPATH_SEARCH_PATHS = "$(inherited) @executable_path/Frameworks";
				PRODUCT_BUNDLE_IDENTIFIER = ca.nait.dmit.ButtonFun;
				PRODUCT_NAME = "$(TARGET_NAME)";
				SWIFT_VERSION = 4.0;
				TARGETED_DEVICE_FAMILY = "1,2";
			};
			name = Release;
		};
/* End XCBuildConfiguration section */

/* Begin XCConfigurationList section */
		28C8D78720B0ED14005B7BB4 /* Build configuration list for PBXProject "ButtonFun" */ = {
			isa = XCConfigurationList;
			buildConfigurations = (
				28C8D79C20B0ED14005B7BB4 /* Debug */,
				28C8D79D20B0ED14005B7BB4 /* Release */,
			);
			defaultConfigurationIsVisible = 0;
			defaultConfigurationName = Release;
		};
		28C8D79E20B0ED14005B7BB4 /* Build configuration list for PBXNativeTarget "ButtonFun" */ = {
			isa = XCConfigurationList;
			buildConfigurations = (
				28C8D79F20B0ED14005B7BB4 /* Debug */,
				28C8D7A020B0ED14005B7BB4 /* Release */,
			);
			defaultConfigurationIsVisible = 0;
			defaultConfigurationName = Release;
		};
/* End XCConfigurationList section */
	};
	rootObject = 28C8D78420B0ED14005B7BB4 /* Project object */;
}
