// !$*UTF8*$!
{
	archiveVersion = 1;
	classes = {
	};
	objectVersion = 48;
	objects = {

/* Begin PBXBuildFile section */
		28208B8620BF866E00097929 /* AppDelegate.swift in Sources */ = {isa = PBXBuildFile; fileRef = 28208B8520BF866E00097929 /* AppDelegate.swift */; };
		28208B8820BF866E00097929 /* ViewController.swift in Sources */ = {isa = PBXBuildFile; fileRef = 28208B8720BF866E00097929 /* ViewController.swift */; };
		28208B8B20BF866E00097929 /* Main.storyboard in Resources */ = {isa = PBXBuildFile; fileRef = 28208B8920BF866E00097929 /* Main.storyboard */; };
		28208B8D20BF866E00097929 /* Assets.xcassets in Resources */ = {isa = PBXBuildFile; fileRef = 28208B8C20BF866E00097929 /* Assets.xcassets */; };
		28208B9020BF866E00097929 /* LaunchScreen.storyboard in Resources */ = {isa = PBXBuildFile; fileRef = 28208B8E20BF866E00097929 /* LaunchScreen.storyboard */; };
		28208B9920BF8F4700097929 /* LoginViewController.swift in Sources */ = {isa = PBXBuildFile; fileRef = 28208B9820BF8F4700097929 /* LoginViewController.swift */; };
		28208B9B20BF8F5600097929 /* AboutViewController.swift in Sources */ = {isa = PBXBuildFile; fileRef = 28208B9A20BF8F5600097929 /* AboutViewController.swift */; };
		28208B9D20BF8F7100097929 /* HomeViewController.swift in Sources */ = {isa = PBXBuildFile; fileRef = 28208B9C20BF8F7100097929 /* HomeViewController.swift */; };
/* End PBXBuildFile section */

/* Begin PBXFileReference section */
		28208B8220BF866E00097929 /* MultiviewDemo.app */ = {isa = PBXFileReference; explicitFileType = wrapper.application; includeInIndex = 0; path = MultiviewDemo.app; sourceTree = BUILT_PRODUCTS_DIR; };
		28208B8520BF866E00097929 /* AppDelegate.swift */ = {isa = PBXFileReference; lastKnownFileType = sourcecode.swift; path = AppDelegate.swift; sourceTree = "<group>"; };
		28208B8720BF866E00097929 /* ViewController.swift */ = {isa = PBXFileReference; lastKnownFileType = sourcecode.swift; path = ViewController.swift; sourceTree = "<group>"; };
		28208B8A20BF866E00097929 /* Base */ = {isa = PBXFileReference; lastKnownFileType = file.storyboard; name = Base; path = Base.lproj/Main.storyboard; sourceTree = "<group>"; };
		28208B8C20BF866E00097929 /* Assets.xcassets */ = {isa = PBXFileReference; lastKnownFileType = folder.assetcatalog; path = Assets.xcassets; sourceTree = "<group>"; };
		28208B8F20BF866E00097929 /* Base */ = {isa = PBXFileReference; lastKnownFileType = file.storyboard; name = Base; path = Base.lproj/LaunchScreen.storyboard; sourceTree = "<group>"; };
		28208B9120BF866E00097929 /* Info.plist */ = {isa = PBXFileReference; lastKnownFileType = text.plist.xml; path = Info.plist; sourceTree = "<group>"; };
		28208B9820BF8F4700097929 /* LoginViewController.swift */ = {isa = PBXFileReference; lastKnownFileType = sourcecode.swift; path = LoginViewController.swift; sourceTree = "<group>"; };
		28208B9A20BF8F5600097929 /* AboutViewController.swift */ = {isa = PBXFileReference; lastKnownFileType = sourcecode.swift; path = AboutViewController.swift; sourceTree = "<group>"; };
		28208B9C20BF8F7100097929 /* HomeViewController.swift */ = {isa = PBXFileReference; lastKnownFileType = sourcecode.swift; path = HomeViewController.swift; sourceTree = "<group>"; };
/* End PBXFileReference section */

/* Begin PBXFrameworksBuildPhase section */
		28208B7F20BF866E00097929 /* Frameworks */ = {
			isa = PBXFrameworksBuildPhase;
			buildActionMask = 2147483647;
			files = (
			);
			runOnlyForDeploymentPostprocessing = 0;
		};
/* End PBXFrameworksBuildPhase section */

/* Begin PBXGroup section */
		28208B7920BF866E00097929 = {
			isa = PBXGroup;
			children = (
				28208B8420BF866E00097929 /* MultiviewDemo */,
				28208B8320BF866E00097929 /* Products */,
			);
			sourceTree = "<group>";
		};
		28208B8320BF866E00097929 /* Products */ = {
			isa = PBXGroup;
			children = (
				28208B8220BF866E00097929 /* MultiviewDemo.app */,
			);
			name = Products;
			sourceTree = "<group>";
		};
		28208B8420BF866E00097929 /* MultiviewDemo */ = {
			isa = PBXGroup;
			children = (
				28208B9720BF8ED300097929 /* Controller */,
				28208B8520BF866E00097929 /* AppDelegate.swift */,
				28208B8720BF866E00097929 /* ViewController.swift */,
				28208B8920BF866E00097929 /* Main.storyboard */,
				28208B8C20BF866E00097929 /* Assets.xcassets */,
				28208B8E20BF866E00097929 /* LaunchScreen.storyboard */,
				28208B9120BF866E00097929 /* Info.plist */,
			);
			path = MultiviewDemo;
			sourceTree = "<group>";
		};
		28208B9720BF8ED300097929 /* Controller */ = {
			isa = PBXGroup;
			children = (
				28208B9820BF8F4700097929 /* LoginViewController.swift */,
				28208B9A20BF8F5600097929 /* AboutViewController.swift */,
				28208B9C20BF8F7100097929 /* HomeViewController.swift */,
			);
			name = Controller;
			sourceTree = "<group>";
		};
/* End PBXGroup section */

/* Begin PBXNativeTarget section */
		28208B8120BF866E00097929 /* MultiviewDemo */ = {
			isa = PBXNativeTarget;
			buildConfigurationList = 28208B9420BF866E00097929 /* Build configuration list for PBXNativeTarget "MultiviewDemo" */;
			buildPhases = (
				28208B7E20BF866E00097929 /* Sources */,
				28208B7F20BF866E00097929 /* Frameworks */,
				28208B8020BF866E00097929 /* Resources */,
			);
			buildRules = (
			);
			dependencies = (
			);
			name = MultiviewDemo;
			productName = MultiviewDemo;
			productReference = 28208B8220BF866E00097929 /* MultiviewDemo.app */;
			productType = "com.apple.product-type.application";
		};
/* End PBXNativeTarget section */

/* Begin PBXProject section */
		28208B7A20BF866E00097929 /* Project object */ = {
			isa = PBXProject;
			attributes = {
				LastSwiftUpdateCheck = 0920;
				LastUpgradeCheck = 0920;
				ORGANIZATIONNAME = "Sean Johnson";
				TargetAttributes = {
					28208B8120BF866E00097929 = {
						CreatedOnToolsVersion = 9.2;
						ProvisioningStyle = Automatic;
					};
				};
			};
			buildConfigurationList = 28208B7D20BF866E00097929 /* Build configuration list for PBXProject "MultiviewDemo" */;
			compatibilityVersion = "Xcode 8.0";
			developmentRegion = en;
			hasScannedForEncodings = 0;
			knownRegions = (
				en,
				Base,
			);
			mainGroup = 28208B7920BF866E00097929;
			productRefGroup = 28208B8320BF866E00097929 /* Products */;
			projectDirPath = "";
			projectRoot = "";
			targets = (
				28208B8120BF866E00097929 /* MultiviewDemo */,
			);
		};
/* End PBXProject section */

/* Begin PBXResourcesBuildPhase section */
		28208B8020BF866E00097929 /* Resources */ = {
			isa = PBXResourcesBuildPhase;
			buildActionMask = 2147483647;
			files = (
				28208B9020BF866E00097929 /* LaunchScreen.storyboard in Resources */,
				28208B8D20BF866E00097929 /* Assets.xcassets in Resources */,
				28208B8B20BF866E00097929 /* Main.storyboard in Resources */,
			);
			runOnlyForDeploymentPostprocessing = 0;
		};
/* End PBXResourcesBuildPhase section */

/* Begin PBXSourcesBuildPhase section */
		28208B7E20BF866E00097929 /* Sources */ = {
			isa = PBXSourcesBuildPhase;
			buildActionMask = 2147483647;
			files = (
				28208B9D20BF8F7100097929 /* HomeViewController.swift in Sources */,
				28208B9920BF8F4700097929 /* LoginViewController.swift in Sources */,
				28208B8820BF866E00097929 /* ViewController.swift in Sources */,
				28208B9B20BF8F5600097929 /* AboutViewController.swift in Sources */,
				28208B8620BF866E00097929 /* AppDelegate.swift in Sources */,
			);
			runOnlyForDeploymentPostprocessing = 0;
		};
/* End PBXSourcesBuildPhase section */

/* Begin PBXVariantGroup section */
		28208B8920BF866E00097929 /* Main.storyboard */ = {
			isa = PBXVariantGroup;
			children = (
				28208B8A20BF866E00097929 /* Base */,
			);
			name = Main.storyboard;
			sourceTree = "<group>";
		};
		28208B8E20BF866E00097929 /* LaunchScreen.storyboard */ = {
			isa = PBXVariantGroup;
			children = (
				28208B8F20BF866E00097929 /* Base */,
			);
			name = LaunchScreen.storyboard;
			sourceTree = "<group>";
		};
/* End PBXVariantGroup section */

/* Begin XCBuildConfiguration section */
		28208B9220BF866E00097929 /* Debug */ = {
			isa = XCBuildConfiguration;
			buildSettings = {
				ALWAYS_SEARCH_USER_PATHS = NO;
				CLANG_ANALYZER_NONNULL = YES;
				CLANG_ANALYZER_NUMBER_OBJECT_CONVERSION = YES_AGGRESSIVE;
				CLANG_CXX_LANGUAGE_STANDARD = "gnu++14";
				CLANG_CXX_LIBRARY = "libc++";
				CLANG_ENABLE_MODULES = YES;
				CLANG_ENABLE_OBJC_ARC = YES;
				CLANG_WARN_BLOCK_CAPTURE_AUTORELEASING = YES;
				CLANG_WARN_BOOL_CONVERSION = YES;
				CLANG_WARN_COMMA = YES;
				CLANG_WARN_CONSTANT_CONVERSION = YES;
				CLANG_WARN_DIRECT_OBJC_ISA_USAGE = YES_ERROR;
				CLANG_WARN_DOCUMENTATION_COMMENTS = YES;
				CLANG_WARN_EMPTY_BODY = YES;
				CLANG_WARN_ENUM_CONVERSION = YES;
				CLANG_WARN_INFINITE_RECURSION = YES;
				CLANG_WARN_INT_CONVERSION = YES;
				CLANG_WARN_NON_LITERAL_NULL_CONVERSION = YES;
				CLANG_WARN_OBJC_LITERAL_CONVERSION = YES;
				CLANG_WARN_OBJC_ROOT_CLASS = YES_ERROR;
				CLANG_WARN_RANGE_LOOP_ANALYSIS = YES;
				CLANG_WARN_STRICT_PROTOTYPES = YES;
				CLANG_WARN_SUSPICIOUS_MOVE = YES;
				CLANG_WARN_UNGUARDED_AVAILABILITY = YES_AGGRESSIVE;
				CLANG_WARN_UNREACHABLE_CODE = YES;
				CLANG_WARN__DUPLICATE_METHOD_MATCH = YES;
				CODE_SIGN_IDENTITY = "iPhone Developer";
				COPY_PHASE_STRIP = NO;
				DEBUG_INFORMATION_FORMAT = dwarf;
				ENABLE_STRICT_OBJC_MSGSEND = YES;
				ENABLE_TESTABILITY = YES;
				GCC_C_LANGUAGE_STANDARD = gnu11;
				GCC_DYNAMIC_NO_PIC = NO;
				GCC_NO_COMMON_BLOCKS = YES;
				GCC_OPTIMIZATION_LEVEL = 0;
				GCC_PREPROCESSOR_DEFINITIONS = (
					"DEBUG=1",
					"$(inherited)",
				);
				GCC_WARN_64_TO_32_BIT_CONVERSION = YES;
				GCC_WARN_ABOUT_RETURN_TYPE = YES_ERROR;
				GCC_WARN_UNDECLARED_SELECTOR = YES;
				GCC_WARN_UNINITIALIZED_AUTOS = YES_AGGRESSIVE;
				GCC_WARN_UNUSED_FUNCTION = YES;
				GCC_WARN_UNUSED_VARIABLE = YES;
				IPHONEOS_DEPLOYMENT_TARGET = 11.2;
				MTL_ENABLE_DEBUG_INFO = YES;
				ONLY_ACTIVE_ARCH = YES;
				SDKROOT = iphoneos;
				SWIFT_ACTIVE_COMPILATION_CONDITIONS = DEBUG;
				SWIFT_OPTIMIZATION_LEVEL = "-Onone";
			};
			name = Debug;
		};
		28208B9320BF866E00097929 /* Release */ = {
			isa = XCBuildConfiguration;
			buildSettings = {
				ALWAYS_SEARCH_USER_PATHS = NO;
				CLANG_ANALYZER_NONNULL = YES;
				CLANG_ANALYZER_NUMBER_OBJECT_CONVERSION = YES_AGGRESSIVE;
				CLANG_CXX_LANGUAGE_STANDARD = "gnu++14";
				CLANG_CXX_LIBRARY = "libc++";
				CLANG_ENABLE_MODULES = YES;
				CLANG_ENABLE_OBJC_ARC = YES;
				CLANG_WARN_BLOCK_CAPTURE_AUTORELEASING = YES;
				CLANG_WARN_BOOL_CONVERSION = YES;
				CLANG_WARN_COMMA = YES;
				CLANG_WARN_CONSTANT_CONVERSION = YES;
				CLANG_WARN_DIRECT_OBJC_ISA_USAGE = YES_ERROR;
				CLANG_WARN_DOCUMENTATION_COMMENTS = YES;
				CLANG_WARN_EMPTY_BODY = YES;
				CLANG_WARN_ENUM_CONVERSION = YES;
				CLANG_WARN_INFINITE_RECURSION = YES;
				CLANG_WARN_INT_CONVERSION = YES;
				CLANG_WARN_NON_LITERAL_NULL_CONVERSION = YES;
				CLANG_WARN_OBJC_LITERAL_CONVERSION = YES;
				CLANG_WARN_OBJC_ROOT_CLASS = YES_ERROR;
				CLANG_WARN_RANGE_LOOP_ANALYSIS = YES;
				CLANG_WARN_STRICT_PROTOTYPES = YES;
				CLANG_WARN_SUSPICIOUS_MOVE = YES;
				CLANG_WARN_UNGUARDED_AVAILABILITY = YES_AGGRESSIVE;
				CLANG_WARN_UNREACHABLE_CODE = YES;
				CLANG_WARN__DUPLICATE_METHOD_MATCH = YES;
				CODE_SIGN_IDENTITY = "iPhone Developer";
				COPY_PHASE_STRIP = NO;
				DEBUG_INFORMATION_FORMAT = "dwarf-with-dsym";
				ENABLE_NS_ASSERTIONS = NO;
				ENABLE_STRICT_OBJC_MSGSEND = YES;
				GCC_C_LANGUAGE_STANDARD = gnu11;
				GCC_NO_COMMON_BLOCKS = YES;
				GCC_WARN_64_TO_32_BIT_CONVERSION = YES;
				GCC_WARN_ABOUT_RETURN_TYPE = YES_ERROR;
				GCC_WARN_UNDECLARED_SELECTOR = YES;
				GCC_WARN_UNINITIALIZED_AUTOS = YES_AGGRESSIVE;
				GCC_WARN_UNUSED_FUNCTION = YES;
				GCC_WARN_UNUSED_VARIABLE = YES;
				IPHONEOS_DEPLOYMENT_TARGET = 11.2;
				MTL_ENABLE_DEBUG_INFO = NO;
				SDKROOT = iphoneos;
				SWIFT_OPTIMIZATION_LEVEL = "-Owholemodule";
				VALIDATE_PRODUCT = YES;
			};
			name = Release;
		};
		28208B9520BF866E00097929 /* Debug */ = {
			isa = XCBuildConfiguration;
			buildSettings = {
				ASSETCATALOG_COMPILER_APPICON_NAME = AppIcon;
				CODE_SIGN_STYLE = Automatic;
				INFOPLIST_FILE = MultiviewDemo/Info.plist;
				LD_RUNPATH_SEARCH_PATHS = "$(inherited) @executable_path/Frameworks";
				PRODUCT_BUNDLE_IDENTIFIER = ca.nait.dmit.MultiviewDemo;
				PRODUCT_NAME = "$(TARGET_NAME)";
				SWIFT_VERSION = 4.0;
				TARGETED_DEVICE_FAMILY = "1,2";
			};
			name = Debug;
		};
		28208B9620BF866E00097929 /* Release */ = {
			isa = XCBuildConfiguration;
			buildSettings = {
				ASSETCATALOG_COMPILER_APPICON_NAME = AppIcon;
				CODE_SIGN_STYLE = Automatic;
				INFOPLIST_FILE = MultiviewDemo/Info.plist;
				LD_RUNPATH_SEARCH_PATHS = "$(inherited) @executable_path/Frameworks";
				PRODUCT_BUNDLE_IDENTIFIER = ca.nait.dmit.MultiviewDemo;
				PRODUCT_NAME = "$(TARGET_NAME)";
				SWIFT_VERSION = 4.0;
				TARGETED_DEVICE_FAMILY = "1,2";
			};
			name = Release;
		};
/* End XCBuildConfiguration section */

/* Begin XCConfigurationList section */
		28208B7D20BF866E00097929 /* Build configuration list for PBXProject "MultiviewDemo" */ = {
			isa = XCConfigurationList;
			buildConfigurations = (
				28208B9220BF866E00097929 /* Debug */,
				28208B9320BF866E00097929 /* Release */,
			);
			defaultConfigurationIsVisible = 0;
			defaultConfigurationName = Release;
		};
		28208B9420BF866E00097929 /* Build configuration list for PBXNativeTarget "MultiviewDemo" */ = {
			isa = XCConfigurationList;
			buildConfigurations = (
				28208B9520BF866E00097929 /* Debug */,
				28208B9620BF866E00097929 /* Release */,
			);
			defaultConfigurationIsVisible = 0;
			defaultConfigurationName = Release;
		};
/* End XCConfigurationList section */
	};
	rootObject = 28208B7A20BF866E00097929 /* Project object */;
}
